
Microsoft Visual Studio Solution File, Format Version 12.00
# Visual Studio Version 17
VisualStudioVersion = 17.7.34009.444
MinimumVisualStudioVersion = 10.0.40219.1
Project("{9A19103F-16F7-4668-BE54-9A1E7A4F7556}") = "CodeFirstEasyStock", "CodeFirstEasyStock\CodeFirstEasyStock.csproj", "{7D524F90-54BB-4522-9758-2E9FC96BEFEC}"
EndProject
Project("{9A19103F-16F7-4668-BE54-9A1E7A4F7556}") = "DataLayer.DBEasyStock", "DataLayer.DBEasyStock\DataLayer.DBEasyStock.csproj", "{FBFAC841-2C4A-44F9-AECA-4E6BBC06E42C}"
EndProject
Global
	GlobalSection(SolutionConfigurationPlatforms) = preSolution
		Debug|Any CPU = Debug|Any CPU
		Release|Any CPU = Release|Any CPU
	EndGlobalSection
	GlobalSection(ProjectConfigurationPlatforms) = postSolution
		{7D524F90-54BB-4522-9758-2E9FC96BEFEC}.Debug|Any CPU.ActiveCfg = Debug|Any CPU
		{7D524F90-54BB-4522-9758-2E9FC96BEFEC}.Debug|Any CPU.Build.0 = Debug|Any CPU
		{7D524F90-54BB-4522-9758-2E9FC96BEFEC}.Release|Any CPU.ActiveCfg = Release|Any CPU
		{7D524F90-54BB-4522-9758-2E9FC96BEFEC}.Release|Any CPU.Build.0 = Release|Any CPU
		{FBFAC841-2C4A-44F9-AECA-4E6BBC06E42C}.Debug|Any CPU.ActiveCfg = Debug|Any CPU
		{FBFAC841-2C4A-44F9-AECA-4E6BBC06E42C}.Debug|Any CPU.Build.0 = Debug|Any CPU
		{FBFAC841-2C4A-44F9-AECA-4E6BBC06E42C}.Release|Any CPU.ActiveCfg = Release|Any CPU
		{FBFAC841-2C4A-44F9-AECA-4E6BBC06E42C}.Release|Any CPU.Build.0 = Release|Any CPU
	EndGlobalSection
	GlobalSection(SolutionProperties) = preSolution
		HideSolutionNode = FALSE
	EndGlobalSection
	GlobalSection(ExtensibilityGlobals) = postSolution
		SolutionGuid = {496B8CDA-80CC-4D15-BBF9-D8EDABD4B8F8}
	EndGlobalSection
EndGlobal
